
Microsoft Visual Studio Solution File, Format Version 11.00
# Visual Studio 2010
Project("{2150E333-8FDC-42A3-9474-1A3956D46DE8}") = "src", "src", "{CCB5D39A-4E85-4191-87AC-C860412196EB}"
EndProject
Project("{2150E333-8FDC-42A3-9474-1A3956D46DE8}") = "tests", "tests", "{0A103B73-E956-4AED-B22B-679B9426926A}"
EndProject
Project("{FAE04EC0-301F-11D3-BF4B-00C04F79EFBC}") = "Homesofts.MongoConfiguration", "src\Homesofts.MongoConfiguration\Homesofts.MongoConfiguration.csproj", "{14972C24-E6A0-4B26-9675-88AAD0F8CDB6}"
EndProject
Project("{FAE04EC0-301F-11D3-BF4B-00C04F79EFBC}") = "Homesofts.MongoConfiguration.Test", "tests\Homesofts.MongoConfiguration.Test\Homesofts.MongoConfiguration.Test.csproj", "{4CD3C222-2481-480F-A0DD-99DEF6E1D18A}"
EndProject
Global
	GlobalSection(SolutionConfigurationPlatforms) = preSolution
		Debug|Any CPU = Debug|Any CPU
		Release|Any CPU = Release|Any CPU
	EndGlobalSection
	GlobalSection(ProjectConfigurationPlatforms) = postSolution
		{14972C24-E6A0-4B26-9675-88AAD0F8CDB6}.Debug|Any CPU.ActiveCfg = Debug|Any CPU
		{14972C24-E6A0-4B26-9675-88AAD0F8CDB6}.Debug|Any CPU.Build.0 = Debug|Any CPU
		{14972C24-E6A0-4B26-9675-88AAD0F8CDB6}.Release|Any CPU.ActiveCfg = Release|Any CPU
		{14972C24-E6A0-4B26-9675-88AAD0F8CDB6}.Release|Any CPU.Build.0 = Release|Any CPU
		{4CD3C222-2481-480F-A0DD-99DEF6E1D18A}.Debug|Any CPU.ActiveCfg = Debug|Any CPU
		{4CD3C222-2481-480F-A0DD-99DEF6E1D18A}.Debug|Any CPU.Build.0 = Debug|Any CPU
		{4CD3C222-2481-480F-A0DD-99DEF6E1D18A}.Release|Any CPU.ActiveCfg = Release|Any CPU
		{4CD3C222-2481-480F-A0DD-99DEF6E1D18A}.Release|Any CPU.Build.0 = Release|Any CPU
	EndGlobalSection
	GlobalSection(SolutionProperties) = preSolution
		HideSolutionNode = FALSE
	EndGlobalSection
	GlobalSection(NestedProjects) = preSolution
		{14972C24-E6A0-4B26-9675-88AAD0F8CDB6} = {CCB5D39A-4E85-4191-87AC-C860412196EB}
		{4CD3C222-2481-480F-A0DD-99DEF6E1D18A} = {0A103B73-E956-4AED-B22B-679B9426926A}
	EndGlobalSection
EndGlobal
